
Microsoft Visual Studio Solution File, Format Version 12.00
# Visual Studio Version 16
VisualStudioVersion = 16.0.30011.22
MinimumVisualStudioVersion = 10.0.40219.1
Project("{FAE04EC0-301F-11D3-BF4B-00C04F79EFBC}") = "MyAcademy", "MyAcademy\MyAcademy.csproj", "{EC650064-F217-462F-AFC1-0225D1A64EB9}"
EndProject
Global
	GlobalSection(SolutionConfigurationPlatforms) = preSolution
		Debug|Any CPU = Debug|Any CPU
		Release|Any CPU = Release|Any CPU
	EndGlobalSection
	GlobalSection(ProjectConfigurationPlatforms) = postSolution
		{EC650064-F217-462F-AFC1-0225D1A64EB9}.Debug|Any CPU.ActiveCfg = Debug|Any CPU
		{EC650064-F217-462F-AFC1-0225D1A64EB9}.Debug|Any CPU.Build.0 = Debug|Any CPU
		{EC650064-F217-462F-AFC1-0225D1A64EB9}.Release|Any CPU.ActiveCfg = Release|Any CPU
		{EC650064-F217-462F-AFC1-0225D1A64EB9}.Release|Any CPU.Build.0 = Release|Any CPU
	EndGlobalSection
	GlobalSection(SolutionProperties) = preSolution
		HideSolutionNode = FALSE
	EndGlobalSection
	GlobalSection(ExtensibilityGlobals) = postSolution
		SolutionGuid = {085971D1-8202-4141-B850-AA5D245F835B}
	EndGlobalSection
EndGlobal
